
Microsoft Visual Studio Solution File, Format Version 12.00
# Visual Studio Version 17
VisualStudioVersion = 17.14.36203.30 d17.14
MinimumVisualStudioVersion = 10.0.40219.1
Project("{FAE04EC0-301F-11D3-BF4B-00C04F79EFBC}") = "BondAnalyzer.API", "BondAnalyzer.API.csproj", "{6367D7A8-13C2-106C-8198-C4199EA8D623}"
EndProject
Global
	GlobalSection(SolutionConfigurationPlatforms) = preSolution
		Debug|Any CPU = Debug|Any CPU
		Release|Any CPU = Release|Any CPU
	EndGlobalSection
	GlobalSection(ProjectConfigurationPlatforms) = postSolution
		{6367D7A8-13C2-106C-8198-C4199EA8D623}.Debug|Any CPU.ActiveCfg = Debug|Any CPU
		{6367D7A8-13C2-106C-8198-C4199EA8D623}.Debug|Any CPU.Build.0 = Debug|Any CPU
		{6367D7A8-13C2-106C-8198-C4199EA8D623}.Release|Any CPU.ActiveCfg = Release|Any CPU
		{6367D7A8-13C2-106C-8198-C4199EA8D623}.Release|Any CPU.Build.0 = Release|Any CPU
	EndGlobalSection
	GlobalSection(SolutionProperties) = preSolution
		HideSolutionNode = FALSE
	EndGlobalSection
	GlobalSection(ExtensibilityGlobals) = postSolution
		SolutionGuid = {E56788A0-A6B5-4260-BF8D-9CF14C7F6498}
	EndGlobalSection
EndGlobal
